
Microsoft Visual Studio Solution File, Format Version 12.00
# Visual Studio 15
VisualStudioVersion = 15.0.28307.271
MinimumVisualStudioVersion = 10.0.40219.1
Project("{FAE04EC0-301F-11D3-BF4B-00C04F79EFBC}") = "MegaChecker", "WindowsFormsApp11\MegaChecker.csproj", "{A43FBEB8-C06B-414F-9027-2E82B500472E}"
EndProject
Global
	GlobalSection(SolutionConfigurationPlatforms) = preSolution
		Debug|Any CPU = Debug|Any CPU
		Release|Any CPU = Release|Any CPU
	EndGlobalSection
	GlobalSection(ProjectConfigurationPlatforms) = postSolution
		{A43FBEB8-C06B-414F-9027-2E82B500472E}.Debug|Any CPU.ActiveCfg = Debug|Any CPU
		{A43FBEB8-C06B-414F-9027-2E82B500472E}.Debug|Any CPU.Build.0 = Debug|Any CPU
		{A43FBEB8-C06B-414F-9027-2E82B500472E}.Release|Any CPU.ActiveCfg = Release|Any CPU
		{A43FBEB8-C06B-414F-9027-2E82B500472E}.Release|Any CPU.Build.0 = Release|Any CPU
	EndGlobalSection
	GlobalSection(SolutionProperties) = preSolution
		HideSolutionNode = FALSE
	EndGlobalSection
	GlobalSection(ExtensibilityGlobals) = postSolution
		SolutionGuid = {D7873A4A-C4EC-4CDA-ABE8-C470D593E026}
	EndGlobalSection
EndGlobal
